// !$*UTF8*$!
{
	archiveVersion = 1;
	classes = {
	};
	objectVersion = 50;
	objects = {

/* Begin PBXBuildFile section */
		83081B4825761A1200DA2392 /* RecipeDetailsVC.swift in Sources */ = {isa = PBXBuildFile; fileRef = 83081B4725761A1200DA2392 /* RecipeDetailsVC.swift */; };
		831F67DA257E0EBE0030BBEE /* FoodManChu.sqlite-shm in Resources */ = {isa = PBXBuildFile; fileRef = 831F67D7257E0EBE0030BBEE /* FoodManChu.sqlite-shm */; };
		831F67DB257E0EBE0030BBEE /* FoodManChu.sqlite in Resources */ = {isa = PBXBuildFile; fileRef = 831F67D8257E0EBE0030BBEE /* FoodManChu.sqlite */; };
		831F67DC257E0EBE0030BBEE /* FoodManChu.sqlite-wal in Resources */ = {isa = PBXBuildFile; fileRef = 831F67D9257E0EBE0030BBEE /* FoodManChu.sqlite-wal */; };
		832BFA6E257881DA008F9F06 /* Recipe+CoreDataClass.swift in Sources */ = {isa = PBXBuildFile; fileRef = 832BFA66257881DA008F9F06 /* Recipe+CoreDataClass.swift */; };
		832BFA6F257881DA008F9F06 /* Recipe+CoreDataProperties.swift in Sources */ = {isa = PBXBuildFile; fileRef = 832BFA67257881DA008F9F06 /* Recipe+CoreDataProperties.swift */; };
		832BFA70257881DA008F9F06 /* Instruction+CoreDataClass.swift in Sources */ = {isa = PBXBuildFile; fileRef = 832BFA68257881DA008F9F06 /* Instruction+CoreDataClass.swift */; };
		832BFA71257881DA008F9F06 /* Instruction+CoreDataProperties.swift in Sources */ = {isa = PBXBuildFile; fileRef = 832BFA69257881DA008F9F06 /* Instruction+CoreDataProperties.swift */; };
		832BFA72257881DA008F9F06 /* Ingredient+CoreDataClass.swift in Sources */ = {isa = PBXBuildFile; fileRef = 832BFA6A257881DA008F9F06 /* Ingredient+CoreDataClass.swift */; };
		832BFA73257881DA008F9F06 /* Ingredient+CoreDataProperties.swift in Sources */ = {isa = PBXBuildFile; fileRef = 832BFA6B257881DA008F9F06 /* Ingredient+CoreDataProperties.swift */; };
		832BFA74257881DA008F9F06 /* Category+CoreDataClass.swift in Sources */ = {isa = PBXBuildFile; fileRef = 832BFA6C257881DA008F9F06 /* Category+CoreDataClass.swift */; };
		832BFA75257881DA008F9F06 /* Category+CoreDataProperties.swift in Sources */ = {isa = PBXBuildFile; fileRef = 832BFA6D257881DA008F9F06 /* Category+CoreDataProperties.swift */; };
		8335AD072577542C0091B6D0 /* AddEditTableVC.swift in Sources */ = {isa = PBXBuildFile; fileRef = 8335AD062577542C0091B6D0 /* AddEditTableVC.swift */; };
		83366F3A256D768D0052EA47 /* IngredientCell.swift in Sources */ = {isa = PBXBuildFile; fileRef = 83366F39256D768D0052EA47 /* IngredientCell.swift */; };
		83366F3D256D77230052EA47 /* IngredientsVC.swift in Sources */ = {isa = PBXBuildFile; fileRef = 83366F3C256D77230052EA47 /* IngredientsVC.swift */; };
		83485354256C3349004D19F2 /* AppDelegate.swift in Sources */ = {isa = PBXBuildFile; fileRef = 83485353256C3349004D19F2 /* AppDelegate.swift */; };
		83485356256C3349004D19F2 /* SceneDelegate.swift in Sources */ = {isa = PBXBuildFile; fileRef = 83485355256C3349004D19F2 /* SceneDelegate.swift */; };
		83485358256C3349004D19F2 /* MainVC.swift in Sources */ = {isa = PBXBuildFile; fileRef = 83485357256C3349004D19F2 /* MainVC.swift */; };
		8348535B256C3349004D19F2 /* Main.storyboard in Resources */ = {isa = PBXBuildFile; fileRef = 83485359256C3349004D19F2 /* Main.storyboard */; };
		8348535E256C3349004D19F2 /* FoodManChu.xcdatamodeld in Sources */ = {isa = PBXBuildFile; fileRef = 8348535C256C3349004D19F2 /* FoodManChu.xcdatamodeld */; };
		83485360256C3349004D19F2 /* Assets.xcassets in Resources */ = {isa = PBXBuildFile; fileRef = 8348535F256C3349004D19F2 /* Assets.xcassets */; };
		83485363256C3349004D19F2 /* LaunchScreen.storyboard in Resources */ = {isa = PBXBuildFile; fileRef = 83485361256C3349004D19F2 /* LaunchScreen.storyboard */; };
		8348538B256CBEDF004D19F2 /* MaterialView.swift in Sources */ = {isa = PBXBuildFile; fileRef = 8348538A256CBEDF004D19F2 /* MaterialView.swift */; };
		8348538E256CC141004D19F2 /* RecipeCell.swift in Sources */ = {isa = PBXBuildFile; fileRef = 8348538D256CC141004D19F2 /* RecipeCell.swift */; };
		83604708256CCE4B000B771F /* Constants.swift in Sources */ = {isa = PBXBuildFile; fileRef = 83604707256CCE4B000B771F /* Constants.swift */; };
		83C982E0257F41EE006D47F4 /* InstructionsVC.swift in Sources */ = {isa = PBXBuildFile; fileRef = 83C982DF257F41EE006D47F4 /* InstructionsVC.swift */; };
		83C982E3257F8CD1006D47F4 /* InstructionCell.swift in Sources */ = {isa = PBXBuildFile; fileRef = 83C982E2257F8CD1006D47F4 /* InstructionCell.swift */; };
/* End PBXBuildFile section */

/* Begin PBXFileReference section */
		83081B4725761A1200DA2392 /* RecipeDetailsVC.swift */ = {isa = PBXFileReference; lastKnownFileType = sourcecode.swift; path = RecipeDetailsVC.swift; sourceTree = "<group>"; };
		831F67D7257E0EBE0030BBEE /* FoodManChu.sqlite-shm */ = {isa = PBXFileReference; lastKnownFileType = file; path = "FoodManChu.sqlite-shm"; sourceTree = "<group>"; };
		831F67D8257E0EBE0030BBEE /* FoodManChu.sqlite */ = {isa = PBXFileReference; lastKnownFileType = file; path = FoodManChu.sqlite; sourceTree = "<group>"; };
		831F67D9257E0EBE0030BBEE /* FoodManChu.sqlite-wal */ = {isa = PBXFileReference; lastKnownFileType = file; path = "FoodManChu.sqlite-wal"; sourceTree = "<group>"; };
		832BFA66257881DA008F9F06 /* Recipe+CoreDataClass.swift */ = {isa = PBXFileReference; lastKnownFileType = sourcecode.swift; path = "Recipe+CoreDataClass.swift"; sourceTree = "<group>"; };
		832BFA67257881DA008F9F06 /* Recipe+CoreDataProperties.swift */ = {isa = PBXFileReference; lastKnownFileType = sourcecode.swift; path = "Recipe+CoreDataProperties.swift"; sourceTree = "<group>"; };
		832BFA68257881DA008F9F06 /* Instruction+CoreDataClass.swift */ = {isa = PBXFileReference; lastKnownFileType = sourcecode.swift; path = "Instruction+CoreDataClass.swift"; sourceTree = "<group>"; };
		832BFA69257881DA008F9F06 /* Instruction+CoreDataProperties.swift */ = {isa = PBXFileReference; lastKnownFileType = sourcecode.swift; path = "Instruction+CoreDataProperties.swift"; sourceTree = "<group>"; };
		832BFA6A257881DA008F9F06 /* Ingredient+CoreDataClass.swift */ = {isa = PBXFileReference; lastKnownFileType = sourcecode.swift; path = "Ingredient+CoreDataClass.swift"; sourceTree = "<group>"; };
		832BFA6B257881DA008F9F06 /* Ingredient+CoreDataProperties.swift */ = {isa = PBXFileReference; lastKnownFileType = sourcecode.swift; path = "Ingredient+CoreDataProperties.swift"; sourceTree = "<group>"; };
		832BFA6C257881DA008F9F06 /* Category+CoreDataClass.swift */ = {isa = PBXFileReference; lastKnownFileType = sourcecode.swift; path = "Category+CoreDataClass.swift"; sourceTree = "<group>"; };
		832BFA6D257881DA008F9F06 /* Category+CoreDataProperties.swift */ = {isa = PBXFileReference; lastKnownFileType = sourcecode.swift; path = "Category+CoreDataProperties.swift"; sourceTree = "<group>"; };
		8335AD062577542C0091B6D0 /* AddEditTableVC.swift */ = {isa = PBXFileReference; lastKnownFileType = sourcecode.swift; path = AddEditTableVC.swift; sourceTree = "<group>"; };
		83366F39256D768D0052EA47 /* IngredientCell.swift */ = {isa = PBXFileReference; lastKnownFileType = sourcecode.swift; path = IngredientCell.swift; sourceTree = "<group>"; };
		83366F3C256D77230052EA47 /* IngredientsVC.swift */ = {isa = PBXFileReference; lastKnownFileType = sourcecode.swift; path = IngredientsVC.swift; sourceTree = "<group>"; };
		83485350256C3349004D19F2 /* FoodManChu.app */ = {isa = PBXFileReference; explicitFileType = wrapper.application; includeInIndex = 0; path = FoodManChu.app; sourceTree = BUILT_PRODUCTS_DIR; };
		83485353256C3349004D19F2 /* AppDelegate.swift */ = {isa = PBXFileReference; lastKnownFileType = sourcecode.swift; path = AppDelegate.swift; sourceTree = "<group>"; };
		83485355256C3349004D19F2 /* SceneDelegate.swift */ = {isa = PBXFileReference; lastKnownFileType = sourcecode.swift; path = SceneDelegate.swift; sourceTree = "<group>"; };
		83485357256C3349004D19F2 /* MainVC.swift */ = {isa = PBXFileReference; lastKnownFileType = sourcecode.swift; path = MainVC.swift; sourceTree = "<group>"; };
		8348535A256C3349004D19F2 /* Base */ = {isa = PBXFileReference; lastKnownFileType = file.storyboard; name = Base; path = Base.lproj/Main.storyboard; sourceTree = "<group>"; };
		8348535D256C3349004D19F2 /* FoodManChu.xcdatamodel */ = {isa = PBXFileReference; lastKnownFileType = wrapper.xcdatamodel; path = FoodManChu.xcdatamodel; sourceTree = "<group>"; };
		8348535F256C3349004D19F2 /* Assets.xcassets */ = {isa = PBXFileReference; lastKnownFileType = folder.assetcatalog; path = Assets.xcassets; sourceTree = "<group>"; };
		83485362256C3349004D19F2 /* Base */ = {isa = PBXFileReference; lastKnownFileType = file.storyboard; name = Base; path = Base.lproj/LaunchScreen.storyboard; sourceTree = "<group>"; };
		83485364256C3349004D19F2 /* Info.plist */ = {isa = PBXFileReference; lastKnownFileType = text.plist.xml; path = Info.plist; sourceTree = "<group>"; };
		8348538A256CBEDF004D19F2 /* MaterialView.swift */ = {isa = PBXFileReference; lastKnownFileType = sourcecode.swift; path = MaterialView.swift; sourceTree = "<group>"; };
		8348538D256CC141004D19F2 /* RecipeCell.swift */ = {isa = PBXFileReference; lastKnownFileType = sourcecode.swift; path = RecipeCell.swift; sourceTree = "<group>"; };
		83604707256CCE4B000B771F /* Constants.swift */ = {isa = PBXFileReference; lastKnownFileType = sourcecode.swift; path = Constants.swift; sourceTree = "<group>"; };
		83C982DF257F41EE006D47F4 /* InstructionsVC.swift */ = {isa = PBXFileReference; lastKnownFileType = sourcecode.swift; path = InstructionsVC.swift; sourceTree = "<group>"; };
		83C982E2257F8CD1006D47F4 /* InstructionCell.swift */ = {isa = PBXFileReference; lastKnownFileType = sourcecode.swift; path = InstructionCell.swift; sourceTree = "<group>"; };
/* End PBXFileReference section */

/* Begin PBXFrameworksBuildPhase section */
		8348534D256C3349004D19F2 /* Frameworks */ = {
			isa = PBXFrameworksBuildPhase;
			buildActionMask = 2147483647;
			files = (
			);
			runOnlyForDeploymentPostprocessing = 0;
		};
/* End PBXFrameworksBuildPhase section */

/* Begin PBXGroup section */
		83485347256C3349004D19F2 = {
			isa = PBXGroup;
			children = (
				832BFA66257881DA008F9F06 /* Recipe+CoreDataClass.swift */,
				832BFA67257881DA008F9F06 /* Recipe+CoreDataProperties.swift */,
				832BFA68257881DA008F9F06 /* Instruction+CoreDataClass.swift */,
				832BFA69257881DA008F9F06 /* Instruction+CoreDataProperties.swift */,
				832BFA6A257881DA008F9F06 /* Ingredient+CoreDataClass.swift */,
				832BFA6B257881DA008F9F06 /* Ingredient+CoreDataProperties.swift */,
				832BFA6C257881DA008F9F06 /* Category+CoreDataClass.swift */,
				832BFA6D257881DA008F9F06 /* Category+CoreDataProperties.swift */,
				83485352256C3349004D19F2 /* FoodManChu */,
				83485351256C3349004D19F2 /* Products */,
			);
			sourceTree = "<group>";
		};
		83485351256C3349004D19F2 /* Products */ = {
			isa = PBXGroup;
			children = (
				83485350256C3349004D19F2 /* FoodManChu.app */,
			);
			name = Products;
			sourceTree = "<group>";
		};
		83485352256C3349004D19F2 /* FoodManChu */ = {
			isa = PBXGroup;
			children = (
				831F67D8257E0EBE0030BBEE /* FoodManChu.sqlite */,
				831F67D7257E0EBE0030BBEE /* FoodManChu.sqlite-shm */,
				831F67D9257E0EBE0030BBEE /* FoodManChu.sqlite-wal */,
				83604706256CCE37000B771F /* Utilities */,
				83485353256C3349004D19F2 /* AppDelegate.swift */,
				8348536D256C4E40004D19F2 /* Controller */,
				8348536C256C4E39004D19F2 /* View */,
				8348536B256C4E33004D19F2 /* Model */,
				83485355256C3349004D19F2 /* SceneDelegate.swift */,
				83485359256C3349004D19F2 /* Main.storyboard */,
				8348535F256C3349004D19F2 /* Assets.xcassets */,
				83485361256C3349004D19F2 /* LaunchScreen.storyboard */,
				83485364256C3349004D19F2 /* Info.plist */,
				8348535C256C3349004D19F2 /* FoodManChu.xcdatamodeld */,
			);
			path = FoodManChu;
			sourceTree = "<group>";
		};
		8348536B256C4E33004D19F2 /* Model */ = {
			isa = PBXGroup;
			children = (
			);
			path = Model;
			sourceTree = "<group>";
		};
		8348536C256C4E39004D19F2 /* View */ = {
			isa = PBXGroup;
			children = (
				8348538A256CBEDF004D19F2 /* MaterialView.swift */,
				8348538D256CC141004D19F2 /* RecipeCell.swift */,
				83366F39256D768D0052EA47 /* IngredientCell.swift */,
				83C982E2257F8CD1006D47F4 /* InstructionCell.swift */,
			);
			path = View;
			sourceTree = "<group>";
		};
		8348536D256C4E40004D19F2 /* Controller */ = {
			isa = PBXGroup;
			children = (
				83485357256C3349004D19F2 /* MainVC.swift */,
				83081B4725761A1200DA2392 /* RecipeDetailsVC.swift */,
				8335AD062577542C0091B6D0 /* AddEditTableVC.swift */,
				83366F3C256D77230052EA47 /* IngredientsVC.swift */,
				83C982DF257F41EE006D47F4 /* InstructionsVC.swift */,
			);
			path = Controller;
			sourceTree = "<group>";
		};
		83604706256CCE37000B771F /* Utilities */ = {
			isa = PBXGroup;
			children = (
				83604707256CCE4B000B771F /* Constants.swift */,
			);
			path = Utilities;
			sourceTree = "<group>";
		};
/* End PBXGroup section */

/* Begin PBXNativeTarget section */
		8348534F256C3349004D19F2 /* FoodManChu */ = {
			isa = PBXNativeTarget;
			buildConfigurationList = 83485367256C3349004D19F2 /* Build configuration list for PBXNativeTarget "FoodManChu" */;
			buildPhases = (
				8348534C256C3349004D19F2 /* Sources */,
				8348534D256C3349004D19F2 /* Frameworks */,
				8348534E256C3349004D19F2 /* Resources */,
			);
			buildRules = (
			);
			dependencies = (
			);
			name = FoodManChu;
			productName = FoodManChu;
			productReference = 83485350256C3349004D19F2 /* FoodManChu.app */;
			productType = "com.apple.product-type.application";
		};
/* End PBXNativeTarget section */

/* Begin PBXProject section */
		83485348256C3349004D19F2 /* Project object */ = {
			isa = PBXProject;
			attributes = {
				LastSwiftUpdateCheck = 1210;
				LastUpgradeCheck = 1210;
				TargetAttributes = {
					8348534F256C3349004D19F2 = {
						CreatedOnToolsVersion = 12.1;
					};
				};
			};
			buildConfigurationList = 8348534B256C3349004D19F2 /* Build configuration list for PBXProject "FoodManChu" */;
			compatibilityVersion = "Xcode 9.3";
			developmentRegion = en;
			hasScannedForEncodings = 0;
			knownRegions = (
				en,
				Base,
			);
			mainGroup = 83485347256C3349004D19F2;
			productRefGroup = 83485351256C3349004D19F2 /* Products */;
			projectDirPath = "";
			projectRoot = "";
			targets = (
				8348534F256C3349004D19F2 /* FoodManChu */,
			);
		};
/* End PBXProject section */

/* Begin PBXResourcesBuildPhase section */
		8348534E256C3349004D19F2 /* Resources */ = {
			isa = PBXResourcesBuildPhase;
			buildActionMask = 2147483647;
			files = (
				83485363256C3349004D19F2 /* LaunchScreen.storyboard in Resources */,
				83485360256C3349004D19F2 /* Assets.xcassets in Resources */,
				831F67DC257E0EBE0030BBEE /* FoodManChu.sqlite-wal in Resources */,
				831F67DA257E0EBE0030BBEE /* FoodManChu.sqlite-shm in Resources */,
				831F67DB257E0EBE0030BBEE /* FoodManChu.sqlite in Resources */,
				8348535B256C3349004D19F2 /* Main.storyboard in Resources */,
			);
			runOnlyForDeploymentPostprocessing = 0;
		};
/* End PBXResourcesBuildPhase section */

/* Begin PBXSourcesBuildPhase section */
		8348534C256C3349004D19F2 /* Sources */ = {
			isa = PBXSourcesBuildPhase;
			buildActionMask = 2147483647;
			files = (
				832BFA70257881DA008F9F06 /* Instruction+CoreDataClass.swift in Sources */,
				832BFA6F257881DA008F9F06 /* Recipe+CoreDataProperties.swift in Sources */,
				83485358256C3349004D19F2 /* MainVC.swift in Sources */,
				8348538E256CC141004D19F2 /* RecipeCell.swift in Sources */,
				83366F3D256D77230052EA47 /* IngredientsVC.swift in Sources */,
				832BFA71257881DA008F9F06 /* Instruction+CoreDataProperties.swift in Sources */,
				832BFA75257881DA008F9F06 /* Category+CoreDataProperties.swift in Sources */,
				8348538B256CBEDF004D19F2 /* MaterialView.swift in Sources */,
				83604708256CCE4B000B771F /* Constants.swift in Sources */,
				832BFA72257881DA008F9F06 /* Ingredient+CoreDataClass.swift in Sources */,
				83C982E3257F8CD1006D47F4 /* InstructionCell.swift in Sources */,
				83485354256C3349004D19F2 /* AppDelegate.swift in Sources */,
				83366F3A256D768D0052EA47 /* IngredientCell.swift in Sources */,
				832BFA74257881DA008F9F06 /* Category+CoreDataClass.swift in Sources */,
				83C982E0257F41EE006D47F4 /* InstructionsVC.swift in Sources */,
				832BFA73257881DA008F9F06 /* Ingredient+CoreDataProperties.swift in Sources */,
				832BFA6E257881DA008F9F06 /* Recipe+CoreDataClass.swift in Sources */,
				8335AD072577542C0091B6D0 /* AddEditTableVC.swift in Sources */,
				83081B4825761A1200DA2392 /* RecipeDetailsVC.swift in Sources */,
				83485356256C3349004D19F2 /* SceneDelegate.swift in Sources */,
				8348535E256C3349004D19F2 /* FoodManChu.xcdatamodeld in Sources */,
			);
			runOnlyForDeploymentPostprocessing = 0;
		};
/* End PBXSourcesBuildPhase section */

/* Begin PBXVariantGroup section */
		83485359256C3349004D19F2 /* Main.storyboard */ = {
			isa = PBXVariantGroup;
			children = (
				8348535A256C3349004D19F2 /* Base */,
			);
			name = Main.storyboard;
			sourceTree = "<group>";
		};
		83485361256C3349004D19F2 /* LaunchScreen.storyboard */ = {
			isa = PBXVariantGroup;
			children = (
				83485362256C3349004D19F2 /* Base */,
			);
			name = LaunchScreen.storyboard;
			sourceTree = "<group>";
		};
/* End PBXVariantGroup section */

/* Begin XCBuildConfiguration section */
		83485365256C3349004D19F2 /* Debug */ = {
			isa = XCBuildConfiguration;
			buildSettings = {
				ALWAYS_SEARCH_USER_PATHS = NO;
				CLANG_ANALYZER_NONNULL = YES;
				CLANG_ANALYZER_NUMBER_OBJECT_CONVERSION = YES_AGGRESSIVE;
				CLANG_CXX_LANGUAGE_STANDARD = "gnu++14";
				CLANG_CXX_LIBRARY = "libc++";
				CLANG_ENABLE_MODULES = YES;
				CLANG_ENABLE_OBJC_ARC = YES;
				CLANG_ENABLE_OBJC_WEAK = YES;
				CLANG_WARN_BLOCK_CAPTURE_AUTORELEASING = YES;
				CLANG_WARN_BOOL_CONVERSION = YES;
				CLANG_WARN_COMMA = YES;
				CLANG_WARN_CONSTANT_CONVERSION = YES;
				CLANG_WARN_DEPRECATED_OBJC_IMPLEMENTATIONS = YES;
				CLANG_WARN_DIRECT_OBJC_ISA_USAGE = YES_ERROR;
				CLANG_WARN_DOCUMENTATION_COMMENTS = YES;
				CLANG_WARN_EMPTY_BODY = YES;
				CLANG_WARN_ENUM_CONVERSION = YES;
				CLANG_WARN_INFINITE_RECURSION = YES;
				CLANG_WARN_INT_CONVERSION = YES;
				CLANG_WARN_NON_LITERAL_NULL_CONVERSION = YES;
				CLANG_WARN_OBJC_IMPLICIT_RETAIN_SELF = YES;
				CLANG_WARN_OBJC_LITERAL_CONVERSION = YES;
				CLANG_WARN_OBJC_ROOT_CLASS = YES_ERROR;
				CLANG_WARN_QUOTED_INCLUDE_IN_FRAMEWORK_HEADER = YES;
				CLANG_WARN_RANGE_LOOP_ANALYSIS = YES;
				CLANG_WARN_STRICT_PROTOTYPES = YES;
				CLANG_WARN_SUSPICIOUS_MOVE = YES;
				CLANG_WARN_UNGUARDED_AVAILABILITY = YES_AGGRESSIVE;
				CLANG_WARN_UNREACHABLE_CODE = YES;
				CLANG_WARN__DUPLICATE_METHOD_MATCH = YES;
				COPY_PHASE_STRIP = NO;
				DEBUG_INFORMATION_FORMAT = dwarf;
				ENABLE_STRICT_OBJC_MSGSEND = YES;
				ENABLE_TESTABILITY = YES;
				GCC_C_LANGUAGE_STANDARD = gnu11;
				GCC_DYNAMIC_NO_PIC = NO;
				GCC_NO_COMMON_BLOCKS = YES;
				GCC_OPTIMIZATION_LEVEL = 0;
				GCC_PREPROCESSOR_DEFINITIONS = (
					"DEBUG=1",
					"$(inherited)",
				);
				GCC_WARN_64_TO_32_BIT_CONVERSION = YES;
				GCC_WARN_ABOUT_RETURN_TYPE = YES_ERROR;
				GCC_WARN_UNDECLARED_SELECTOR = YES;
				GCC_WARN_UNINITIALIZED_AUTOS = YES_AGGRESSIVE;
				GCC_WARN_UNUSED_FUNCTION = YES;
				GCC_WARN_UNUSED_VARIABLE = YES;
				IPHONEOS_DEPLOYMENT_TARGET = 14.1;
				MTL_ENABLE_DEBUG_INFO = INCLUDE_SOURCE;
				MTL_FAST_MATH = YES;
				ONLY_ACTIVE_ARCH = YES;
				SDKROOT = iphoneos;
				SWIFT_ACTIVE_COMPILATION_CONDITIONS = DEBUG;
				SWIFT_OPTIMIZATION_LEVEL = "-Onone";
			};
			name = Debug;
		};
		83485366256C3349004D19F2 /* Release */ = {
			isa = XCBuildConfiguration;
			buildSettings = {
				ALWAYS_SEARCH_USER_PATHS = NO;
				CLANG_ANALYZER_NONNULL = YES;
				CLANG_ANALYZER_NUMBER_OBJECT_CONVERSION = YES_AGGRESSIVE;
				CLANG_CXX_LANGUAGE_STANDARD = "gnu++14";
				CLANG_CXX_LIBRARY = "libc++";
				CLANG_ENABLE_MODULES = YES;
				CLANG_ENABLE_OBJC_ARC = YES;
				CLANG_ENABLE_OBJC_WEAK = YES;
				CLANG_WARN_BLOCK_CAPTURE_AUTORELEASING = YES;
				CLANG_WARN_BOOL_CONVERSION = YES;
				CLANG_WARN_COMMA = YES;
				CLANG_WARN_CONSTANT_CONVERSION = YES;
				CLANG_WARN_DEPRECATED_OBJC_IMPLEMENTATIONS = YES;
				CLANG_WARN_DIRECT_OBJC_ISA_USAGE = YES_ERROR;
				CLANG_WARN_DOCUMENTATION_COMMENTS = YES;
				CLANG_WARN_EMPTY_BODY = YES;
				CLANG_WARN_ENUM_CONVERSION = YES;
				CLANG_WARN_INFINITE_RECURSION = YES;
				CLANG_WARN_INT_CONVERSION = YES;
				CLANG_WARN_NON_LITERAL_NULL_CONVERSION = YES;
				CLANG_WARN_OBJC_IMPLICIT_RETAIN_SELF = YES;
				CLANG_WARN_OBJC_LITERAL_CONVERSION = YES;
				CLANG_WARN_OBJC_ROOT_CLASS = YES_ERROR;
				CLANG_WARN_QUOTED_INCLUDE_IN_FRAMEWORK_HEADER = YES;
				CLANG_WARN_RANGE_LOOP_ANALYSIS = YES;
				CLANG_WARN_STRICT_PROTOTYPES = YES;
				CLANG_WARN_SUSPICIOUS_MOVE = YES;
				CLANG_WARN_UNGUARDED_AVAILABILITY = YES_AGGRESSIVE;
				CLANG_WARN_UNREACHABLE_CODE = YES;
				CLANG_WARN__DUPLICATE_METHOD_MATCH = YES;
				COPY_PHASE_STRIP = NO;
				DEBUG_INFORMATION_FORMAT = "dwarf-with-dsym";
				ENABLE_NS_ASSERTIONS = NO;
				ENABLE_STRICT_OBJC_MSGSEND = YES;
				GCC_C_LANGUAGE_STANDARD = gnu11;
				GCC_NO_COMMON_BLOCKS = YES;
				GCC_WARN_64_TO_32_BIT_CONVERSION = YES;
				GCC_WARN_ABOUT_RETURN_TYPE = YES_ERROR;
				GCC_WARN_UNDECLARED_SELECTOR = YES;
				GCC_WARN_UNINITIALIZED_AUTOS = YES_AGGRESSIVE;
				GCC_WARN_UNUSED_FUNCTION = YES;
				GCC_WARN_UNUSED_VARIABLE = YES;
				IPHONEOS_DEPLOYMENT_TARGET = 14.1;
				MTL_ENABLE_DEBUG_INFO = NO;
				MTL_FAST_MATH = YES;
				SDKROOT = iphoneos;
				SWIFT_COMPILATION_MODE = wholemodule;
				SWIFT_OPTIMIZATION_LEVEL = "-O";
				VALIDATE_PRODUCT = YES;
			};
			name = Release;
		};
		83485368256C3349004D19F2 /* Debug */ = {
			isa = XCBuildConfiguration;
			buildSettings = {
				ASSETCATALOG_COMPILER_APPICON_NAME = AppIcon;
				ASSETCATALOG_COMPILER_GLOBAL_ACCENT_COLOR_NAME = AccentColor;
				CODE_SIGN_STYLE = Automatic;
				DEVELOPMENT_TEAM = Y63S5W2784;
				INFOPLIST_FILE = FoodManChu/Info.plist;
				IPHONEOS_DEPLOYMENT_TARGET = 13.2;
				LD_RUNPATH_SEARCH_PATHS = (
					"$(inherited)",
					"@executable_path/Frameworks",
				);
				PRODUCT_BUNDLE_IDENTIFIER = com.chrisbanning.FoodManChu;
				PRODUCT_NAME = "$(TARGET_NAME)";
				SWIFT_VERSION = 5.0;
				TARGETED_DEVICE_FAMILY = "1,2";
			};
			name = Debug;
		};
		83485369256C3349004D19F2 /* Release */ = {
			isa = XCBuildConfiguration;
			buildSettings = {
				ASSETCATALOG_COMPILER_APPICON_NAME = AppIcon;
				ASSETCATALOG_COMPILER_GLOBAL_ACCENT_COLOR_NAME = AccentColor;
				CODE_SIGN_STYLE = Automatic;
				DEVELOPMENT_TEAM = Y63S5W2784;
				INFOPLIST_FILE = FoodManChu/Info.plist;
				IPHONEOS_DEPLOYMENT_TARGET = 13.2;
				LD_RUNPATH_SEARCH_PATHS = (
					"$(inherited)",
					"@executable_path/Frameworks",
				);
				PRODUCT_BUNDLE_IDENTIFIER = com.chrisbanning.FoodManChu;
				PRODUCT_NAME = "$(TARGET_NAME)";
				SWIFT_VERSION = 5.0;
				TARGETED_DEVICE_FAMILY = "1,2";
			};
			name = Release;
		};
/* End XCBuildConfiguration section */

/* Begin XCConfigurationList section */
		8348534B256C3349004D19F2 /* Build configuration list for PBXProject "FoodManChu" */ = {
			isa = XCConfigurationList;
			buildConfigurations = (
				83485365256C3349004D19F2 /* Debug */,
				83485366256C3349004D19F2 /* Release */,
			);
			defaultConfigurationIsVisible = 0;
			defaultConfigurationName = Release;
		};
		83485367256C3349004D19F2 /* Build configuration list for PBXNativeTarget "FoodManChu" */ = {
			isa = XCConfigurationList;
			buildConfigurations = (
				83485368256C3349004D19F2 /* Debug */,
				83485369256C3349004D19F2 /* Release */,
			);
			defaultConfigurationIsVisible = 0;
			defaultConfigurationName = Release;
		};
/* End XCConfigurationList section */

/* Begin XCVersionGroup section */
		8348535C256C3349004D19F2 /* FoodManChu.xcdatamodeld */ = {
			isa = XCVersionGroup;
			children = (
				8348535D256C3349004D19F2 /* FoodManChu.xcdatamodel */,
			);
			currentVersion = 8348535D256C3349004D19F2 /* FoodManChu.xcdatamodel */;
			path = FoodManChu.xcdatamodeld;
			sourceTree = "<group>";
			versionGroupType = wrapper.xcdatamodel;
		};
/* End XCVersionGroup section */
	};
	rootObject = 83485348256C3349004D19F2 /* Project object */;
}
